
Microsoft Visual Studio Solution File, Format Version 12.00
# Visual Studio Version 16
VisualStudioVersion = 16.0.28803.202
MinimumVisualStudioVersion = 10.0.40219.1
Project("{FAE04EC0-301F-11D3-BF4B-00C04F79EFBC}") = "EmployeeService", "EmployeeService\EmployeeService.csproj", "{EC4A9FBA-D5C9-4E46-B2F3-6A65749AA484}"
EndProject
Global
	GlobalSection(SolutionConfigurationPlatforms) = preSolution
		Debug|Any CPU = Debug|Any CPU
		Release|Any CPU = Release|Any CPU
	EndGlobalSection
	GlobalSection(ProjectConfigurationPlatforms) = postSolution
		{EC4A9FBA-D5C9-4E46-B2F3-6A65749AA484}.Debug|Any CPU.ActiveCfg = Debug|Any CPU
		{EC4A9FBA-D5C9-4E46-B2F3-6A65749AA484}.Debug|Any CPU.Build.0 = Debug|Any CPU
		{EC4A9FBA-D5C9-4E46-B2F3-6A65749AA484}.Release|Any CPU.ActiveCfg = Release|Any CPU
		{EC4A9FBA-D5C9-4E46-B2F3-6A65749AA484}.Release|Any CPU.Build.0 = Release|Any CPU
	EndGlobalSection
	GlobalSection(SolutionProperties) = preSolution
		HideSolutionNode = FALSE
	EndGlobalSection
	GlobalSection(ExtensibilityGlobals) = postSolution
		SolutionGuid = {A2E9701E-9629-4704-AB87-CFB5ACDE291E}
	EndGlobalSection
EndGlobal
